// !$*UTF8*$!
{
	archiveVersion = 1;
	classes = {
	};
	objectVersion = 50;
	objects = {

/* Begin PBXBuildFile section */
		743C01EA23D2E92F00968D47 /* AppDelegate.swift in Sources */ = {isa = PBXBuildFile; fileRef = 743C01E923D2E92F00968D47 /* AppDelegate.swift */; };
		743C01EC23D2E92F00968D47 /* SceneDelegate.swift in Sources */ = {isa = PBXBuildFile; fileRef = 743C01EB23D2E92F00968D47 /* SceneDelegate.swift */; };
		743C01F123D2E92F00968D47 /* Main.storyboard in Resources */ = {isa = PBXBuildFile; fileRef = 743C01EF23D2E92F00968D47 /* Main.storyboard */; };
		743C01F323D2E93000968D47 /* Assets.xcassets in Resources */ = {isa = PBXBuildFile; fileRef = 743C01F223D2E93000968D47 /* Assets.xcassets */; };
		743C01F623D2E93000968D47 /* LaunchScreen.storyboard in Resources */ = {isa = PBXBuildFile; fileRef = 743C01F423D2E93000968D47 /* LaunchScreen.storyboard */; };
		743C01FE23D2EBA500968D47 /* TweetViewController.swift in Sources */ = {isa = PBXBuildFile; fileRef = 743C01FD23D2EBA500968D47 /* TweetViewController.swift */; };
		743C020023D2EBD700968D47 /* ComposeViewController.swift in Sources */ = {isa = PBXBuildFile; fileRef = 743C01FF23D2EBD700968D47 /* ComposeViewController.swift */; };
		743C020323D2EC9B00968D47 /* AccountsViewController.swift in Sources */ = {isa = PBXBuildFile; fileRef = 743C020223D2EC9B00968D47 /* AccountsViewController.swift */; };
		743C020523D2ECBF00968D47 /* FeedViewController.swift in Sources */ = {isa = PBXBuildFile; fileRef = 743C020423D2ECBF00968D47 /* FeedViewController.swift */; };
/* End PBXBuildFile section */

/* Begin PBXFileReference section */
		743C01E623D2E92F00968D47 /* SocialApp.app */ = {isa = PBXFileReference; explicitFileType = wrapper.application; includeInIndex = 0; path = SocialApp.app; sourceTree = BUILT_PRODUCTS_DIR; };
		743C01E923D2E92F00968D47 /* AppDelegate.swift */ = {isa = PBXFileReference; lastKnownFileType = sourcecode.swift; path = AppDelegate.swift; sourceTree = "<group>"; };
		743C01EB23D2E92F00968D47 /* SceneDelegate.swift */ = {isa = PBXFileReference; lastKnownFileType = sourcecode.swift; path = SceneDelegate.swift; sourceTree = "<group>"; };
		743C01F023D2E92F00968D47 /* Base */ = {isa = PBXFileReference; lastKnownFileType = file.storyboard; name = Base; path = Base.lproj/Main.storyboard; sourceTree = "<group>"; };
		743C01F223D2E93000968D47 /* Assets.xcassets */ = {isa = PBXFileReference; lastKnownFileType = folder.assetcatalog; path = Assets.xcassets; sourceTree = "<group>"; };
		743C01F523D2E93000968D47 /* Base */ = {isa = PBXFileReference; lastKnownFileType = file.storyboard; name = Base; path = Base.lproj/LaunchScreen.storyboard; sourceTree = "<group>"; };
		743C01F723D2E93000968D47 /* Info.plist */ = {isa = PBXFileReference; lastKnownFileType = text.plist.xml; path = Info.plist; sourceTree = "<group>"; };
		743C01FD23D2EBA500968D47 /* TweetViewController.swift */ = {isa = PBXFileReference; lastKnownFileType = sourcecode.swift; path = TweetViewController.swift; sourceTree = "<group>"; };
		743C01FF23D2EBD700968D47 /* ComposeViewController.swift */ = {isa = PBXFileReference; lastKnownFileType = sourcecode.swift; path = ComposeViewController.swift; sourceTree = "<group>"; };
		743C020223D2EC9B00968D47 /* AccountsViewController.swift */ = {isa = PBXFileReference; lastKnownFileType = sourcecode.swift; path = AccountsViewController.swift; sourceTree = "<group>"; };
		743C020423D2ECBF00968D47 /* FeedViewController.swift */ = {isa = PBXFileReference; lastKnownFileType = sourcecode.swift; path = FeedViewController.swift; sourceTree = "<group>"; };
/* End PBXFileReference section */

/* Begin PBXFrameworksBuildPhase section */
		743C01E323D2E92F00968D47 /* Frameworks */ = {
			isa = PBXFrameworksBuildPhase;
			buildActionMask = 2147483647;
			files = (
			);
			runOnlyForDeploymentPostprocessing = 0;
		};
/* End PBXFrameworksBuildPhase section */

/* Begin PBXGroup section */
		743C01DD23D2E92F00968D47 = {
			isa = PBXGroup;
			children = (
				743C01E823D2E92F00968D47 /* SocialApp */,
				743C01E723D2E92F00968D47 /* Products */,
			);
			sourceTree = "<group>";
		};
		743C01E723D2E92F00968D47 /* Products */ = {
			isa = PBXGroup;
			children = (
				743C01E623D2E92F00968D47 /* SocialApp.app */,
			);
			name = Products;
			sourceTree = "<group>";
		};
		743C01E823D2E92F00968D47 /* SocialApp */ = {
			isa = PBXGroup;
			children = (
				743C01E923D2E92F00968D47 /* AppDelegate.swift */,
				743C01EB23D2E92F00968D47 /* SceneDelegate.swift */,
				743C020123D2EC1D00968D47 /* ViewControllers */,
				743C01EF23D2E92F00968D47 /* Main.storyboard */,
				743C01F223D2E93000968D47 /* Assets.xcassets */,
				743C01F423D2E93000968D47 /* LaunchScreen.storyboard */,
				743C01F723D2E93000968D47 /* Info.plist */,
			);
			path = SocialApp;
			sourceTree = "<group>";
		};
		743C020123D2EC1D00968D47 /* ViewControllers */ = {
			isa = PBXGroup;
			children = (
				743C020223D2EC9B00968D47 /* AccountsViewController.swift */,
				743C020423D2ECBF00968D47 /* FeedViewController.swift */,
				743C01FD23D2EBA500968D47 /* TweetViewController.swift */,
				743C01FF23D2EBD700968D47 /* ComposeViewController.swift */,
			);
			path = ViewControllers;
			sourceTree = "<group>";
		};
/* End PBXGroup section */

/* Begin PBXNativeTarget section */
		743C01E523D2E92F00968D47 /* SocialApp */ = {
			isa = PBXNativeTarget;
			buildConfigurationList = 743C01FA23D2E93000968D47 /* Build configuration list for PBXNativeTarget "SocialApp" */;
			buildPhases = (
				743C01E223D2E92F00968D47 /* Sources */,
				743C01E323D2E92F00968D47 /* Frameworks */,
				743C01E423D2E92F00968D47 /* Resources */,
			);
			buildRules = (
			);
			dependencies = (
			);
			name = SocialApp;
			productName = SocialApp;
			productReference = 743C01E623D2E92F00968D47 /* SocialApp.app */;
			productType = "com.apple.product-type.application";
		};
/* End PBXNativeTarget section */

/* Begin PBXProject section */
		743C01DE23D2E92F00968D47 /* Project object */ = {
			isa = PBXProject;
			attributes = {
				LastSwiftUpdateCheck = 1130;
				LastUpgradeCheck = 1130;
				ORGANIZATIONNAME = Mikhail;
				TargetAttributes = {
					743C01E523D2E92F00968D47 = {
						CreatedOnToolsVersion = 11.3;
					};
				};
			};
			buildConfigurationList = 743C01E123D2E92F00968D47 /* Build configuration list for PBXProject "SocialApp" */;
			compatibilityVersion = "Xcode 9.3";
			developmentRegion = en;
			hasScannedForEncodings = 0;
			knownRegions = (
				en,
				Base,
			);
			mainGroup = 743C01DD23D2E92F00968D47;
			productRefGroup = 743C01E723D2E92F00968D47 /* Products */;
			projectDirPath = "";
			projectRoot = "";
			targets = (
				743C01E523D2E92F00968D47 /* SocialApp */,
			);
		};
/* End PBXProject section */

/* Begin PBXResourcesBuildPhase section */
		743C01E423D2E92F00968D47 /* Resources */ = {
			isa = PBXResourcesBuildPhase;
			buildActionMask = 2147483647;
			files = (
				743C01F623D2E93000968D47 /* LaunchScreen.storyboard in Resources */,
				743C01F323D2E93000968D47 /* Assets.xcassets in Resources */,
				743C01F123D2E92F00968D47 /* Main.storyboard in Resources */,
			);
			runOnlyForDeploymentPostprocessing = 0;
		};
/* End PBXResourcesBuildPhase section */

/* Begin PBXSourcesBuildPhase section */
		743C01E223D2E92F00968D47 /* Sources */ = {
			isa = PBXSourcesBuildPhase;
			buildActionMask = 2147483647;
			files = (
				743C01EA23D2E92F00968D47 /* AppDelegate.swift in Sources */,
				743C01EC23D2E92F00968D47 /* SceneDelegate.swift in Sources */,
				743C020323D2EC9B00968D47 /* AccountsViewController.swift in Sources */,
				743C01FE23D2EBA500968D47 /* TweetViewController.swift in Sources */,
				743C020523D2ECBF00968D47 /* FeedViewController.swift in Sources */,
				743C020023D2EBD700968D47 /* ComposeViewController.swift in Sources */,
			);
			runOnlyForDeploymentPostprocessing = 0;
		};
/* End PBXSourcesBuildPhase section */

/* Begin PBXVariantGroup section */
		743C01EF23D2E92F00968D47 /* Main.storyboard */ = {
			isa = PBXVariantGroup;
			children = (
				743C01F023D2E92F00968D47 /* Base */,
			);
			name = Main.storyboard;
			sourceTree = "<group>";
		};
		743C01F423D2E93000968D47 /* LaunchScreen.storyboard */ = {
			isa = PBXVariantGroup;
			children = (
				743C01F523D2E93000968D47 /* Base */,
			);
			name = LaunchScreen.storyboard;
			sourceTree = "<group>";
		};
/* End PBXVariantGroup section */

/* Begin XCBuildConfiguration section */
		743C01F823D2E93000968D47 /* Debug */ = {
			isa = XCBuildConfiguration;
			buildSettings = {
				ALWAYS_SEARCH_USER_PATHS = NO;
				CLANG_ANALYZER_NONNULL = YES;
				CLANG_ANALYZER_NUMBER_OBJECT_CONVERSION = YES_AGGRESSIVE;
				CLANG_CXX_LANGUAGE_STANDARD = "gnu++14";
				CLANG_CXX_LIBRARY = "libc++";
				CLANG_ENABLE_MODULES = YES;
				CLANG_ENABLE_OBJC_ARC = YES;
				CLANG_ENABLE_OBJC_WEAK = YES;
				CLANG_WARN_BLOCK_CAPTURE_AUTORELEASING = YES;
				CLANG_WARN_BOOL_CONVERSION = YES;
				CLANG_WARN_COMMA = YES;
				CLANG_WARN_CONSTANT_CONVERSION = YES;
				CLANG_WARN_DEPRECATED_OBJC_IMPLEMENTATIONS = YES;
				CLANG_WARN_DIRECT_OBJC_ISA_USAGE = YES_ERROR;
				CLANG_WARN_DOCUMENTATION_COMMENTS = YES;
				CLANG_WARN_EMPTY_BODY = YES;
				CLANG_WARN_ENUM_CONVERSION = YES;
				CLANG_WARN_INFINITE_RECURSION = YES;
				CLANG_WARN_INT_CONVERSION = YES;
				CLANG_WARN_NON_LITERAL_NULL_CONVERSION = YES;
				CLANG_WARN_OBJC_IMPLICIT_RETAIN_SELF = YES;
				CLANG_WARN_OBJC_LITERAL_CONVERSION = YES;
				CLANG_WARN_OBJC_ROOT_CLASS = YES_ERROR;
				CLANG_WARN_RANGE_LOOP_ANALYSIS = YES;
				CLANG_WARN_STRICT_PROTOTYPES = YES;
				CLANG_WARN_SUSPICIOUS_MOVE = YES;
				CLANG_WARN_UNGUARDED_AVAILABILITY = YES_AGGRESSIVE;
				CLANG_WARN_UNREACHABLE_CODE = YES;
				CLANG_WARN__DUPLICATE_METHOD_MATCH = YES;
				COPY_PHASE_STRIP = NO;
				DEBUG_INFORMATION_FORMAT = dwarf;
				ENABLE_STRICT_OBJC_MSGSEND = YES;
				ENABLE_TESTABILITY = YES;
				GCC_C_LANGUAGE_STANDARD = gnu11;
				GCC_DYNAMIC_NO_PIC = NO;
				GCC_NO_COMMON_BLOCKS = YES;
				GCC_OPTIMIZATION_LEVEL = 0;
				GCC_PREPROCESSOR_DEFINITIONS = (
					"DEBUG=1",
					"$(inherited)",
				);
				GCC_WARN_64_TO_32_BIT_CONVERSION = YES;
				GCC_WARN_ABOUT_RETURN_TYPE = YES_ERROR;
				GCC_WARN_UNDECLARED_SELECTOR = YES;
				GCC_WARN_UNINITIALIZED_AUTOS = YES_AGGRESSIVE;
				GCC_WARN_UNUSED_FUNCTION = YES;
				GCC_WARN_UNUSED_VARIABLE = YES;
				IPHONEOS_DEPLOYMENT_TARGET = 13.2;
				MTL_ENABLE_DEBUG_INFO = INCLUDE_SOURCE;
				MTL_FAST_MATH = YES;
				ONLY_ACTIVE_ARCH = YES;
				SDKROOT = iphoneos;
				SWIFT_ACTIVE_COMPILATION_CONDITIONS = DEBUG;
				SWIFT_OPTIMIZATION_LEVEL = "-Onone";
			};
			name = Debug;
		};
		743C01F923D2E93000968D47 /* Release */ = {
			isa = XCBuildConfiguration;
			buildSettings = {
				ALWAYS_SEARCH_USER_PATHS = NO;
				CLANG_ANALYZER_NONNULL = YES;
				CLANG_ANALYZER_NUMBER_OBJECT_CONVERSION = YES_AGGRESSIVE;
				CLANG_CXX_LANGUAGE_STANDARD = "gnu++14";
				CLANG_CXX_LIBRARY = "libc++";
				CLANG_ENABLE_MODULES = YES;
				CLANG_ENABLE_OBJC_ARC = YES;
				CLANG_ENABLE_OBJC_WEAK = YES;
				CLANG_WARN_BLOCK_CAPTURE_AUTORELEASING = YES;
				CLANG_WARN_BOOL_CONVERSION = YES;
				CLANG_WARN_COMMA = YES;
				CLANG_WARN_CONSTANT_CONVERSION = YES;
				CLANG_WARN_DEPRECATED_OBJC_IMPLEMENTATIONS = YES;
				CLANG_WARN_DIRECT_OBJC_ISA_USAGE = YES_ERROR;
				CLANG_WARN_DOCUMENTATION_COMMENTS = YES;
				CLANG_WARN_EMPTY_BODY = YES;
				CLANG_WARN_ENUM_CONVERSION = YES;
				CLANG_WARN_INFINITE_RECURSION = YES;
				CLANG_WARN_INT_CONVERSION = YES;
				CLANG_WARN_NON_LITERAL_NULL_CONVERSION = YES;
				CLANG_WARN_OBJC_IMPLICIT_RETAIN_SELF = YES;
				CLANG_WARN_OBJC_LITERAL_CONVERSION = YES;
				CLANG_WARN_OBJC_ROOT_CLASS = YES_ERROR;
				CLANG_WARN_RANGE_LOOP_ANALYSIS = YES;
				CLANG_WARN_STRICT_PROTOTYPES = YES;
				CLANG_WARN_SUSPICIOUS_MOVE = YES;
				CLANG_WARN_UNGUARDED_AVAILABILITY = YES_AGGRESSIVE;
				CLANG_WARN_UNREACHABLE_CODE = YES;
				CLANG_WARN__DUPLICATE_METHOD_MATCH = YES;
				COPY_PHASE_STRIP = NO;
				DEBUG_INFORMATION_FORMAT = "dwarf-with-dsym";
				ENABLE_NS_ASSERTIONS = NO;
				ENABLE_STRICT_OBJC_MSGSEND = YES;
				GCC_C_LANGUAGE_STANDARD = gnu11;
				GCC_NO_COMMON_BLOCKS = YES;
				GCC_WARN_64_TO_32_BIT_CONVERSION = YES;
				GCC_WARN_ABOUT_RETURN_TYPE = YES_ERROR;
				GCC_WARN_UNDECLARED_SELECTOR = YES;
				GCC_WARN_UNINITIALIZED_AUTOS = YES_AGGRESSIVE;
				GCC_WARN_UNUSED_FUNCTION = YES;
				GCC_WARN_UNUSED_VARIABLE = YES;
				IPHONEOS_DEPLOYMENT_TARGET = 13.2;
				MTL_ENABLE_DEBUG_INFO = NO;
				MTL_FAST_MATH = YES;
				SDKROOT = iphoneos;
				SWIFT_COMPILATION_MODE = wholemodule;
				SWIFT_OPTIMIZATION_LEVEL = "-O";
				VALIDATE_PRODUCT = YES;
			};
			name = Release;
		};
		743C01FB23D2E93000968D47 /* Debug */ = {
			isa = XCBuildConfiguration;
			buildSettings = {
				ASSETCATALOG_COMPILER_APPICON_NAME = AppIcon;
				CODE_SIGN_STYLE = Automatic;
				DEVELOPMENT_TEAM = W5ZZPB5BG7;
				INFOPLIST_FILE = SocialApp/Info.plist;
				LD_RUNPATH_SEARCH_PATHS = (
					"$(inherited)",
					"@executable_path/Frameworks",
				);
				PRODUCT_BUNDLE_IDENTIFIER = com.ios.SocialApp;
				PRODUCT_NAME = "$(TARGET_NAME)";
				SWIFT_VERSION = 5.0;
				TARGETED_DEVICE_FAMILY = 2;
			};
			name = Debug;
		};
		743C01FC23D2E93000968D47 /* Release */ = {
			isa = XCBuildConfiguration;
			buildSettings = {
				ASSETCATALOG_COMPILER_APPICON_NAME = AppIcon;
				CODE_SIGN_STYLE = Automatic;
				DEVELOPMENT_TEAM = W5ZZPB5BG7;
				INFOPLIST_FILE = SocialApp/Info.plist;
				LD_RUNPATH_SEARCH_PATHS = (
					"$(inherited)",
					"@executable_path/Frameworks",
				);
				PRODUCT_BUNDLE_IDENTIFIER = com.ios.SocialApp;
				PRODUCT_NAME = "$(TARGET_NAME)";
				SWIFT_VERSION = 5.0;
				TARGETED_DEVICE_FAMILY = 2;
			};
			name = Release;
		};
/* End XCBuildConfiguration section */

/* Begin XCConfigurationList section */
		743C01E123D2E92F00968D47 /* Build configuration list for PBXProject "SocialApp" */ = {
			isa = XCConfigurationList;
			buildConfigurations = (
				743C01F823D2E93000968D47 /* Debug */,
				743C01F923D2E93000968D47 /* Release */,
			);
			defaultConfigurationIsVisible = 0;
			defaultConfigurationName = Release;
		};
		743C01FA23D2E93000968D47 /* Build configuration list for PBXNativeTarget "SocialApp" */ = {
			isa = XCConfigurationList;
			buildConfigurations = (
				743C01FB23D2E93000968D47 /* Debug */,
				743C01FC23D2E93000968D47 /* Release */,
			);
			defaultConfigurationIsVisible = 0;
			defaultConfigurationName = Release;
		};
/* End XCConfigurationList section */
	};
	rootObject = 743C01DE23D2E92F00968D47 /* Project object */;
}
